
Microsoft Visual Studio Solution File, Format Version 12.00
# Visual Studio Version 17
VisualStudioVersion = 17.3.32929.385
MinimumVisualStudioVersion = 10.0.40219.1
Project("{FAE04EC0-301F-11D3-BF4B-00C04F79EFBC}") = "TreeViewSample", "TreeViewSample.csproj", "{A41A478B-5D9C-4CF4-84E8-DF9B65F487A4}"
EndProject
Global
	GlobalSection(SolutionConfigurationPlatforms) = preSolution
		Debug|Any CPU = Debug|Any CPU
		Release|Any CPU = Release|Any CPU
	EndGlobalSection
	GlobalSection(ProjectConfigurationPlatforms) = postSolution
		{A41A478B-5D9C-4CF4-84E8-DF9B65F487A4}.Debug|Any CPU.ActiveCfg = Debug|Any CPU
		{A41A478B-5D9C-4CF4-84E8-DF9B65F487A4}.Debug|Any CPU.Build.0 = Debug|Any CPU
		{A41A478B-5D9C-4CF4-84E8-DF9B65F487A4}.Release|Any CPU.ActiveCfg = Release|Any CPU
		{A41A478B-5D9C-4CF4-84E8-DF9B65F487A4}.Release|Any CPU.Build.0 = Release|Any CPU
	EndGlobalSection
	GlobalSection(SolutionProperties) = preSolution
		HideSolutionNode = FALSE
	EndGlobalSection
	GlobalSection(ExtensibilityGlobals) = postSolution
		SolutionGuid = {8FC7D810-D367-4B5C-9222-6C3E96C5AEFF}
	EndGlobalSection
EndGlobal
